// !$*UTF8*$!
{
	archiveVersion = 1;
	classes = {
	};
	objectVersion = 46;
	objects = {

/* Begin PBXBuildFile section */
		640CD482A0C7D15C32D56A87 /* libPods-KKListKit.a in Frameworks */ = {isa = PBXBuildFile; fileRef = 25DD016A2A2B5A145BEBBFC8 /* libPods-KKListKit.a */; };
		A955F1A120D1658800FFBB04 /* AppDelegate.m in Sources */ = {isa = PBXBuildFile; fileRef = A955F1A020D1658800FFBB04 /* AppDelegate.m */; };
		A955F1AC20D1658900FFBB04 /* LaunchScreen.storyboard in Resources */ = {isa = PBXBuildFile; fileRef = A955F1AA20D1658900FFBB04 /* LaunchScreen.storyboard */; };
		A955F1AF20D1658900FFBB04 /* main.m in Sources */ = {isa = PBXBuildFile; fileRef = A955F1AE20D1658900FFBB04 /* main.m */; };
		A970030620D2752200DC30D3 /* home.json in Resources */ = {isa = PBXBuildFile; fileRef = A970030520D2752200DC30D3 /* home.json */; };
		A970030A20D275FA00DC30D3 /* KKMainTabBarController.m in Sources */ = {isa = PBXBuildFile; fileRef = A970030920D275FA00DC30D3 /* KKMainTabBarController.m */; };
		A970030D20D2764B00DC30D3 /* KKControllerFactory.m in Sources */ = {isa = PBXBuildFile; fileRef = A970030C20D2764B00DC30D3 /* KKControllerFactory.m */; };
		A970031820D27C2700DC30D3 /* KKConfiguration.m in Sources */ = {isa = PBXBuildFile; fileRef = A970031720D27C2700DC30D3 /* KKConfiguration.m */; };
		A970031F20D28C8600DC30D3 /* KKRecommendController.m in Sources */ = {isa = PBXBuildFile; fileRef = A970031E20D28C8600DC30D3 /* KKRecommendController.m */; };
		A970032220D28EA900DC30D3 /* Assets.xcassets in Resources */ = {isa = PBXBuildFile; fileRef = A970032120D28EA900DC30D3 /* Assets.xcassets */; };
		A970032B20D2B6D000DC30D3 /* UIColor+KKAdd.m in Sources */ = {isa = PBXBuildFile; fileRef = A970032A20D2B6D000DC30D3 /* UIColor+KKAdd.m */; };
		A9B5AF0F20D3CB6B008904AA /* KKListSectionController.m in Sources */ = {isa = PBXBuildFile; fileRef = A9B5AF0E20D3CB6B008904AA /* KKListSectionController.m */; };
		A9B5AF1220D3CB98008904AA /* KKListAdaptor.m in Sources */ = {isa = PBXBuildFile; fileRef = A9B5AF1120D3CB98008904AA /* KKListAdaptor.m */; };
		A9B5AF1520D3CBCA008904AA /* TestDataSourceTool.m in Sources */ = {isa = PBXBuildFile; fileRef = A9B5AF1420D3CBCA008904AA /* TestDataSourceTool.m */; };
		A9B5AF1920D3CC2E008904AA /* KKHomeListModel.m in Sources */ = {isa = PBXBuildFile; fileRef = A9B5AF1820D3CC2E008904AA /* KKHomeListModel.m */; };
		A9B5AF2720D8A8F7008904AA /* KKListAdaptor+UICollectionView.m in Sources */ = {isa = PBXBuildFile; fileRef = A9B5AF2620D8A8F7008904AA /* KKListAdaptor+UICollectionView.m */; };
		A9B5AF2A20D8B99C008904AA /* KKListSectionMap.m in Sources */ = {isa = PBXBuildFile; fileRef = A9B5AF2920D8B99C008904AA /* KKListSectionMap.m */; };
/* End PBXBuildFile section */

/* Begin PBXFileReference section */
		25DD016A2A2B5A145BEBBFC8 /* libPods-KKListKit.a */ = {isa = PBXFileReference; explicitFileType = archive.ar; includeInIndex = 0; path = "libPods-KKListKit.a"; sourceTree = BUILT_PRODUCTS_DIR; };
		A955F19C20D1658800FFBB04 /* KKListKit.app */ = {isa = PBXFileReference; explicitFileType = wrapper.application; includeInIndex = 0; path = KKListKit.app; sourceTree = BUILT_PRODUCTS_DIR; };
		A955F19F20D1658800FFBB04 /* AppDelegate.h */ = {isa = PBXFileReference; lastKnownFileType = sourcecode.c.h; path = AppDelegate.h; sourceTree = "<group>"; };
		A955F1A020D1658800FFBB04 /* AppDelegate.m */ = {isa = PBXFileReference; lastKnownFileType = sourcecode.c.objc; path = AppDelegate.m; sourceTree = "<group>"; };
		A955F1AB20D1658900FFBB04 /* Base */ = {isa = PBXFileReference; lastKnownFileType = file.storyboard; name = Base; path = Base.lproj/LaunchScreen.storyboard; sourceTree = "<group>"; };
		A955F1AD20D1658900FFBB04 /* Info.plist */ = {isa = PBXFileReference; lastKnownFileType = text.plist.xml; path = Info.plist; sourceTree = "<group>"; };
		A955F1AE20D1658900FFBB04 /* main.m */ = {isa = PBXFileReference; lastKnownFileType = sourcecode.c.objc; path = main.m; sourceTree = "<group>"; };
		A970030520D2752200DC30D3 /* home.json */ = {isa = PBXFileReference; fileEncoding = 4; lastKnownFileType = text.json; path = home.json; sourceTree = "<group>"; };
		A970030820D275FA00DC30D3 /* KKMainTabBarController.h */ = {isa = PBXFileReference; lastKnownFileType = sourcecode.c.h; path = KKMainTabBarController.h; sourceTree = "<group>"; };
		A970030920D275FA00DC30D3 /* KKMainTabBarController.m */ = {isa = PBXFileReference; lastKnownFileType = sourcecode.c.objc; path = KKMainTabBarController.m; sourceTree = "<group>"; };
		A970030B20D2764B00DC30D3 /* KKControllerFactory.h */ = {isa = PBXFileReference; lastKnownFileType = sourcecode.c.h; path = KKControllerFactory.h; sourceTree = "<group>"; };
		A970030C20D2764B00DC30D3 /* KKControllerFactory.m */ = {isa = PBXFileReference; lastKnownFileType = sourcecode.c.objc; path = KKControllerFactory.m; sourceTree = "<group>"; };
		A970030F20D27A8F00DC30D3 /* KKGlobal.h */ = {isa = PBXFileReference; lastKnownFileType = sourcecode.c.h; path = KKGlobal.h; sourceTree = "<group>"; };
		A970031620D27C2700DC30D3 /* KKConfiguration.h */ = {isa = PBXFileReference; lastKnownFileType = sourcecode.c.h; path = KKConfiguration.h; sourceTree = "<group>"; };
		A970031720D27C2700DC30D3 /* KKConfiguration.m */ = {isa = PBXFileReference; lastKnownFileType = sourcecode.c.objc; path = KKConfiguration.m; sourceTree = "<group>"; };
		A970031D20D28C8600DC30D3 /* KKRecommendController.h */ = {isa = PBXFileReference; lastKnownFileType = sourcecode.c.h; path = KKRecommendController.h; sourceTree = "<group>"; };
		A970031E20D28C8600DC30D3 /* KKRecommendController.m */ = {isa = PBXFileReference; lastKnownFileType = sourcecode.c.objc; path = KKRecommendController.m; sourceTree = "<group>"; };
		A970032120D28EA900DC30D3 /* Assets.xcassets */ = {isa = PBXFileReference; lastKnownFileType = folder.assetcatalog; path = Assets.xcassets; sourceTree = "<group>"; };
		A970032920D2B6D000DC30D3 /* UIColor+KKAdd.h */ = {isa = PBXFileReference; fileEncoding = 4; lastKnownFileType = sourcecode.c.h; path = "UIColor+KKAdd.h"; sourceTree = "<group>"; };
		A970032A20D2B6D000DC30D3 /* UIColor+KKAdd.m */ = {isa = PBXFileReference; fileEncoding = 4; lastKnownFileType = sourcecode.c.objc; path = "UIColor+KKAdd.m"; sourceTree = "<group>"; };
		A970032D20D2B72300DC30D3 /* KKPrefixHeader.pch */ = {isa = PBXFileReference; fileEncoding = 4; lastKnownFileType = sourcecode.c.h; path = KKPrefixHeader.pch; sourceTree = "<group>"; };
		A9B5AF0D20D3CB6B008904AA /* KKListSectionController.h */ = {isa = PBXFileReference; lastKnownFileType = sourcecode.c.h; path = KKListSectionController.h; sourceTree = "<group>"; };
		A9B5AF0E20D3CB6B008904AA /* KKListSectionController.m */ = {isa = PBXFileReference; lastKnownFileType = sourcecode.c.objc; path = KKListSectionController.m; sourceTree = "<group>"; };
		A9B5AF1020D3CB98008904AA /* KKListAdaptor.h */ = {isa = PBXFileReference; lastKnownFileType = sourcecode.c.h; path = KKListAdaptor.h; sourceTree = "<group>"; };
		A9B5AF1120D3CB98008904AA /* KKListAdaptor.m */ = {isa = PBXFileReference; lastKnownFileType = sourcecode.c.objc; path = KKListAdaptor.m; sourceTree = "<group>"; };
		A9B5AF1320D3CBCA008904AA /* TestDataSourceTool.h */ = {isa = PBXFileReference; lastKnownFileType = sourcecode.c.h; path = TestDataSourceTool.h; sourceTree = "<group>"; };
		A9B5AF1420D3CBCA008904AA /* TestDataSourceTool.m */ = {isa = PBXFileReference; lastKnownFileType = sourcecode.c.objc; path = TestDataSourceTool.m; sourceTree = "<group>"; };
		A9B5AF1720D3CC2E008904AA /* KKHomeListModel.h */ = {isa = PBXFileReference; lastKnownFileType = sourcecode.c.h; path = KKHomeListModel.h; sourceTree = "<group>"; };
		A9B5AF1820D3CC2E008904AA /* KKHomeListModel.m */ = {isa = PBXFileReference; lastKnownFileType = sourcecode.c.objc; path = KKHomeListModel.m; sourceTree = "<group>"; };
		A9B5AF1A20D3D352008904AA /* KKListAssert.h */ = {isa = PBXFileReference; lastKnownFileType = sourcecode.c.h; path = KKListAssert.h; sourceTree = "<group>"; };
		A9B5AF1C20D3DD09008904AA /* KKListSectionControllerInternal.h */ = {isa = PBXFileReference; lastKnownFileType = sourcecode.c.h; path = KKListSectionControllerInternal.h; sourceTree = "<group>"; };
		A9B5AF2120D3E376008904AA /* KKListKit.h */ = {isa = PBXFileReference; lastKnownFileType = sourcecode.c.h; path = KKListKit.h; sourceTree = "<group>"; };
		A9B5AF2320D8A10E008904AA /* KKListAdaptorDataSource.h */ = {isa = PBXFileReference; lastKnownFileType = sourcecode.c.h; path = KKListAdaptorDataSource.h; sourceTree = "<group>"; };
		A9B5AF2420D8A508008904AA /* KKListAdaptorInternal.h */ = {isa = PBXFileReference; lastKnownFileType = sourcecode.c.h; path = KKListAdaptorInternal.h; sourceTree = "<group>"; };
		A9B5AF2520D8A8F7008904AA /* KKListAdaptor+UICollectionView.h */ = {isa = PBXFileReference; lastKnownFileType = sourcecode.c.h; path = "KKListAdaptor+UICollectionView.h"; sourceTree = "<group>"; };
		A9B5AF2620D8A8F7008904AA /* KKListAdaptor+UICollectionView.m */ = {isa = PBXFileReference; lastKnownFileType = sourcecode.c.objc; path = "KKListAdaptor+UICollectionView.m"; sourceTree = "<group>"; };
		A9B5AF2820D8B99C008904AA /* KKListSectionMap.h */ = {isa = PBXFileReference; lastKnownFileType = sourcecode.c.h; path = KKListSectionMap.h; sourceTree = "<group>"; };
		A9B5AF2920D8B99C008904AA /* KKListSectionMap.m */ = {isa = PBXFileReference; lastKnownFileType = sourcecode.c.objc; path = KKListSectionMap.m; sourceTree = "<group>"; };
		DE84B9B1FE53841A9DF14566 /* Pods-KKListKit.release.xcconfig */ = {isa = PBXFileReference; includeInIndex = 1; lastKnownFileType = text.xcconfig; name = "Pods-KKListKit.release.xcconfig"; path = "Pods/Target Support Files/Pods-KKListKit/Pods-KKListKit.release.xcconfig"; sourceTree = "<group>"; };
		EB4DC84968B98761D2DE408F /* Pods-KKListKit.debug.xcconfig */ = {isa = PBXFileReference; includeInIndex = 1; lastKnownFileType = text.xcconfig; name = "Pods-KKListKit.debug.xcconfig"; path = "Pods/Target Support Files/Pods-KKListKit/Pods-KKListKit.debug.xcconfig"; sourceTree = "<group>"; };
/* End PBXFileReference section */

/* Begin PBXFrameworksBuildPhase section */
		A955F19920D1658800FFBB04 /* Frameworks */ = {
			isa = PBXFrameworksBuildPhase;
			buildActionMask = 2147483647;
			files = (
				640CD482A0C7D15C32D56A87 /* libPods-KKListKit.a in Frameworks */,
			);
			runOnlyForDeploymentPostprocessing = 0;
		};
/* End PBXFrameworksBuildPhase section */

/* Begin PBXGroup section */
		7E10F8022B7D5BFA98BC5FFD /* Pods */ = {
			isa = PBXGroup;
			children = (
				EB4DC84968B98761D2DE408F /* Pods-KKListKit.debug.xcconfig */,
				DE84B9B1FE53841A9DF14566 /* Pods-KKListKit.release.xcconfig */,
			);
			name = Pods;
			sourceTree = "<group>";
		};
		A955F19320D1658800FFBB04 = {
			isa = PBXGroup;
			children = (
				A955F19E20D1658800FFBB04 /* KKListKit */,
				A955F19D20D1658800FFBB04 /* Products */,
				7E10F8022B7D5BFA98BC5FFD /* Pods */,
				BD5C2C1FA9EE7CFD56AC33A1 /* Frameworks */,
			);
			sourceTree = "<group>";
		};
		A955F19D20D1658800FFBB04 /* Products */ = {
			isa = PBXGroup;
			children = (
				A955F19C20D1658800FFBB04 /* KKListKit.app */,
			);
			name = Products;
			sourceTree = "<group>";
		};
		A955F19E20D1658800FFBB04 /* KKListKit */ = {
			isa = PBXGroup;
			children = (
				A9B5AF1620D3CBE6008904AA /* Models */,
				A970030720D275D300DC30D3 /* Utility */,
				A970030420D274E800DC30D3 /* UIComponent */,
				A970030220D274A700DC30D3 /* ViewControllers */,
				A970030120D2736200DC30D3 /* Resources */,
				A955F19F20D1658800FFBB04 /* AppDelegate.h */,
				A955F1A020D1658800FFBB04 /* AppDelegate.m */,
				A9B5AF1320D3CBCA008904AA /* TestDataSourceTool.h */,
				A9B5AF1420D3CBCA008904AA /* TestDataSourceTool.m */,
				A955F1AE20D1658900FFBB04 /* main.m */,
				A955F1AD20D1658900FFBB04 /* Info.plist */,
				A970032D20D2B72300DC30D3 /* KKPrefixHeader.pch */,
			);
			path = KKListKit;
			sourceTree = "<group>";
		};
		A970030120D2736200DC30D3 /* Resources */ = {
			isa = PBXGroup;
			children = (
				A970032120D28EA900DC30D3 /* Assets.xcassets */,
				A970030520D2752200DC30D3 /* home.json */,
				A955F1AA20D1658900FFBB04 /* LaunchScreen.storyboard */,
			);
			path = Resources;
			sourceTree = "<group>";
		};
		A970030220D274A700DC30D3 /* ViewControllers */ = {
			isa = PBXGroup;
			children = (
				A970031920D28C1300DC30D3 /* RecommendController */,
				A970030320D274C100DC30D3 /* MainTabController */,
			);
			path = ViewControllers;
			sourceTree = "<group>";
		};
		A970030320D274C100DC30D3 /* MainTabController */ = {
			isa = PBXGroup;
			children = (
				A970030820D275FA00DC30D3 /* KKMainTabBarController.h */,
				A970030920D275FA00DC30D3 /* KKMainTabBarController.m */,
			);
			path = MainTabController;
			sourceTree = "<group>";
		};
		A970030420D274E800DC30D3 /* UIComponent */ = {
			isa = PBXGroup;
			children = (
			);
			path = UIComponent;
			sourceTree = "<group>";
		};
		A970030720D275D300DC30D3 /* Utility */ = {
			isa = PBXGroup;
			children = (
				A970032320D2B62900DC30D3 /* KKKit */,
				A970032020D28E3700DC30D3 /* KKListAdaptorKit */,
				A970030B20D2764B00DC30D3 /* KKControllerFactory.h */,
				A970030C20D2764B00DC30D3 /* KKControllerFactory.m */,
				A970031620D27C2700DC30D3 /* KKConfiguration.h */,
				A970031720D27C2700DC30D3 /* KKConfiguration.m */,
				A970030F20D27A8F00DC30D3 /* KKGlobal.h */,
			);
			path = Utility;
			sourceTree = "<group>";
		};
		A970031920D28C1300DC30D3 /* RecommendController */ = {
			isa = PBXGroup;
			children = (
				A970031D20D28C8600DC30D3 /* KKRecommendController.h */,
				A970031E20D28C8600DC30D3 /* KKRecommendController.m */,
			);
			path = RecommendController;
			sourceTree = "<group>";
		};
		A970032020D28E3700DC30D3 /* KKListAdaptorKit */ = {
			isa = PBXGroup;
			children = (
				A9B5AF2220D8A093008904AA /* Protocol */,
				A9B5AF1D20D3E30D008904AA /* KKListAdaptor */,
				A9B5AF1B20D3DCE7008904AA /* KKSectionController */,
				A9B5AF2820D8B99C008904AA /* KKListSectionMap.h */,
				A9B5AF2920D8B99C008904AA /* KKListSectionMap.m */,
				A9B5AF1A20D3D352008904AA /* KKListAssert.h */,
				A9B5AF2120D3E376008904AA /* KKListKit.h */,
			);
			path = KKListAdaptorKit;
			sourceTree = "<group>";
		};
		A970032320D2B62900DC30D3 /* KKKit */ = {
			isa = PBXGroup;
			children = (
				A970032420D2B63800DC30D3 /* UIKit */,
			);
			path = KKKit;
			sourceTree = "<group>";
		};
		A970032420D2B63800DC30D3 /* UIKit */ = {
			isa = PBXGroup;
			children = (
				A970032520D2B66700DC30D3 /* UIColor */,
			);
			path = UIKit;
			sourceTree = "<group>";
		};
		A970032520D2B66700DC30D3 /* UIColor */ = {
			isa = PBXGroup;
			children = (
				A970032920D2B6D000DC30D3 /* UIColor+KKAdd.h */,
				A970032A20D2B6D000DC30D3 /* UIColor+KKAdd.m */,
			);
			name = UIColor;
			path = KKListKit/KKFoundation/KKKit/UIColor;
			sourceTree = SOURCE_ROOT;
		};
		A9B5AF1620D3CBE6008904AA /* Models */ = {
			isa = PBXGroup;
			children = (
				A9B5AF1720D3CC2E008904AA /* KKHomeListModel.h */,
				A9B5AF1820D3CC2E008904AA /* KKHomeListModel.m */,
			);
			path = Models;
			sourceTree = "<group>";
		};
		A9B5AF1B20D3DCE7008904AA /* KKSectionController */ = {
			isa = PBXGroup;
			children = (
				A9B5AF1C20D3DD09008904AA /* KKListSectionControllerInternal.h */,
				A9B5AF0D20D3CB6B008904AA /* KKListSectionController.h */,
				A9B5AF0E20D3CB6B008904AA /* KKListSectionController.m */,
			);
			path = KKSectionController;
			sourceTree = "<group>";
		};
		A9B5AF1D20D3E30D008904AA /* KKListAdaptor */ = {
			isa = PBXGroup;
			children = (
				A9B5AF1020D3CB98008904AA /* KKListAdaptor.h */,
				A9B5AF1120D3CB98008904AA /* KKListAdaptor.m */,
				A9B5AF2420D8A508008904AA /* KKListAdaptorInternal.h */,
				A9B5AF2520D8A8F7008904AA /* KKListAdaptor+UICollectionView.h */,
				A9B5AF2620D8A8F7008904AA /* KKListAdaptor+UICollectionView.m */,
			);
			path = KKListAdaptor;
			sourceTree = "<group>";
		};
		A9B5AF2220D8A093008904AA /* Protocol */ = {
			isa = PBXGroup;
			children = (
				A9B5AF2320D8A10E008904AA /* KKListAdaptorDataSource.h */,
			);
			path = Protocol;
			sourceTree = "<group>";
		};
		BD5C2C1FA9EE7CFD56AC33A1 /* Frameworks */ = {
			isa = PBXGroup;
			children = (
				25DD016A2A2B5A145BEBBFC8 /* libPods-KKListKit.a */,
			);
			name = Frameworks;
			sourceTree = "<group>";
		};
/* End PBXGroup section */

/* Begin PBXNativeTarget section */
		A955F19B20D1658800FFBB04 /* KKListKit */ = {
			isa = PBXNativeTarget;
			buildConfigurationList = A955F1B220D1658900FFBB04 /* Build configuration list for PBXNativeTarget "KKListKit" */;
			buildPhases = (
				380EE9DCA0A63D03AB18BB47 /* [CP] Check Pods Manifest.lock */,
				A955F19820D1658800FFBB04 /* Sources */,
				A955F19920D1658800FFBB04 /* Frameworks */,
				A955F19A20D1658800FFBB04 /* Resources */,
			);
			buildRules = (
			);
			dependencies = (
			);
			name = KKListKit;
			productName = KKListKit;
			productReference = A955F19C20D1658800FFBB04 /* KKListKit.app */;
			productType = "com.apple.product-type.application";
		};
/* End PBXNativeTarget section */

/* Begin PBXProject section */
		A955F19420D1658800FFBB04 /* Project object */ = {
			isa = PBXProject;
			attributes = {
				LastUpgradeCheck = 0940;
				ORGANIZATIONNAME = KK.inc.;
				TargetAttributes = {
					A955F19B20D1658800FFBB04 = {
						CreatedOnToolsVersion = 9.4;
						DevelopmentTeam = U4Y38F724R;
						ProvisioningStyle = Automatic;
					};
				};
			};
			buildConfigurationList = A955F19720D1658800FFBB04 /* Build configuration list for PBXProject "KKListKit" */;
			compatibilityVersion = "Xcode 3.2";
			developmentRegion = en;
			hasScannedForEncodings = 0;
			knownRegions = (
				en,
				Base,
			);
			mainGroup = A955F19320D1658800FFBB04;
			productRefGroup = A955F19D20D1658800FFBB04 /* Products */;
			projectDirPath = "";
			projectRoot = "";
			targets = (
				A955F19B20D1658800FFBB04 /* KKListKit */,
			);
		};
/* End PBXProject section */

/* Begin PBXResourcesBuildPhase section */
		A955F19A20D1658800FFBB04 /* Resources */ = {
			isa = PBXResourcesBuildPhase;
			buildActionMask = 2147483647;
			files = (
				A955F1AC20D1658900FFBB04 /* LaunchScreen.storyboard in Resources */,
				A970032220D28EA900DC30D3 /* Assets.xcassets in Resources */,
				A970030620D2752200DC30D3 /* home.json in Resources */,
			);
			runOnlyForDeploymentPostprocessing = 0;
		};
/* End PBXResourcesBuildPhase section */

/* Begin PBXShellScriptBuildPhase section */
		380EE9DCA0A63D03AB18BB47 /* [CP] Check Pods Manifest.lock */ = {
			isa = PBXShellScriptBuildPhase;
			buildActionMask = 2147483647;
			files = (
			);
			inputPaths = (
				"${PODS_PODFILE_DIR_PATH}/Podfile.lock",
				"${PODS_ROOT}/Manifest.lock",
			);
			name = "[CP] Check Pods Manifest.lock";
			outputPaths = (
				"$(DERIVED_FILE_DIR)/Pods-KKListKit-checkManifestLockResult.txt",
			);
			runOnlyForDeploymentPostprocessing = 0;
			shellPath = /bin/sh;
			shellScript = "diff \"${PODS_PODFILE_DIR_PATH}/Podfile.lock\" \"${PODS_ROOT}/Manifest.lock\" > /dev/null\nif [ $? != 0 ] ; then\n    # print error to STDERR\n    echo \"error: The sandbox is not in sync with the Podfile.lock. Run 'pod install' or update your CocoaPods installation.\" >&2\n    exit 1\nfi\n# This output is used by Xcode 'outputs' to avoid re-running this script phase.\necho \"SUCCESS\" > \"${SCRIPT_OUTPUT_FILE_0}\"\n";
			showEnvVarsInLog = 0;
		};
/* End PBXShellScriptBuildPhase section */

/* Begin PBXSourcesBuildPhase section */
		A955F19820D1658800FFBB04 /* Sources */ = {
			isa = PBXSourcesBuildPhase;
			buildActionMask = 2147483647;
			files = (
				A9B5AF1220D3CB98008904AA /* KKListAdaptor.m in Sources */,
				A955F1AF20D1658900FFBB04 /* main.m in Sources */,
				A970032B20D2B6D000DC30D3 /* UIColor+KKAdd.m in Sources */,
				A9B5AF2A20D8B99C008904AA /* KKListSectionMap.m in Sources */,
				A970030A20D275FA00DC30D3 /* KKMainTabBarController.m in Sources */,
				A9B5AF1920D3CC2E008904AA /* KKHomeListModel.m in Sources */,
				A9B5AF1520D3CBCA008904AA /* TestDataSourceTool.m in Sources */,
				A970030D20D2764B00DC30D3 /* KKControllerFactory.m in Sources */,
				A970031820D27C2700DC30D3 /* KKConfiguration.m in Sources */,
				A9B5AF2720D8A8F7008904AA /* KKListAdaptor+UICollectionView.m in Sources */,
				A970031F20D28C8600DC30D3 /* KKRecommendController.m in Sources */,
				A955F1A120D1658800FFBB04 /* AppDelegate.m in Sources */,
				A9B5AF0F20D3CB6B008904AA /* KKListSectionController.m in Sources */,
			);
			runOnlyForDeploymentPostprocessing = 0;
		};
/* End PBXSourcesBuildPhase section */

/* Begin PBXVariantGroup section */
		A955F1AA20D1658900FFBB04 /* LaunchScreen.storyboard */ = {
			isa = PBXVariantGroup;
			children = (
				A955F1AB20D1658900FFBB04 /* Base */,
			);
			name = LaunchScreen.storyboard;
			sourceTree = "<group>";
		};
/* End PBXVariantGroup section */

/* Begin XCBuildConfiguration section */
		A955F1B020D1658900FFBB04 /* Debug */ = {
			isa = XCBuildConfiguration;
			buildSettings = {
				ALWAYS_SEARCH_USER_PATHS = NO;
				CLANG_ANALYZER_NONNULL = YES;
				CLANG_ANALYZER_NUMBER_OBJECT_CONVERSION = YES_AGGRESSIVE;
				CLANG_CXX_LANGUAGE_STANDARD = "gnu++14";
				CLANG_CXX_LIBRARY = "libc++";
				CLANG_ENABLE_MODULES = YES;
				CLANG_ENABLE_OBJC_ARC = YES;
				CLANG_ENABLE_OBJC_WEAK = YES;
				CLANG_WARN_BLOCK_CAPTURE_AUTORELEASING = YES;
				CLANG_WARN_BOOL_CONVERSION = YES;
				CLANG_WARN_COMMA = YES;
				CLANG_WARN_CONSTANT_CONVERSION = YES;
				CLANG_WARN_DEPRECATED_OBJC_IMPLEMENTATIONS = YES;
				CLANG_WARN_DIRECT_OBJC_ISA_USAGE = YES_ERROR;
				CLANG_WARN_DOCUMENTATION_COMMENTS = YES;
				CLANG_WARN_EMPTY_BODY = YES;
				CLANG_WARN_ENUM_CONVERSION = YES;
				CLANG_WARN_INFINITE_RECURSION = YES;
				CLANG_WARN_INT_CONVERSION = YES;
				CLANG_WARN_NON_LITERAL_NULL_CONVERSION = YES;
				CLANG_WARN_OBJC_IMPLICIT_RETAIN_SELF = YES;
				CLANG_WARN_OBJC_LITERAL_CONVERSION = YES;
				CLANG_WARN_OBJC_ROOT_CLASS = YES_ERROR;
				CLANG_WARN_RANGE_LOOP_ANALYSIS = YES;
				CLANG_WARN_STRICT_PROTOTYPES = YES;
				CLANG_WARN_SUSPICIOUS_MOVE = YES;
				CLANG_WARN_UNGUARDED_AVAILABILITY = YES_AGGRESSIVE;
				CLANG_WARN_UNREACHABLE_CODE = YES;
				CLANG_WARN__DUPLICATE_METHOD_MATCH = YES;
				CODE_SIGN_IDENTITY = "iPhone Developer";
				COPY_PHASE_STRIP = NO;
				DEBUG_INFORMATION_FORMAT = dwarf;
				ENABLE_STRICT_OBJC_MSGSEND = YES;
				ENABLE_TESTABILITY = YES;
				GCC_C_LANGUAGE_STANDARD = gnu11;
				GCC_DYNAMIC_NO_PIC = NO;
				GCC_NO_COMMON_BLOCKS = YES;
				GCC_OPTIMIZATION_LEVEL = 0;
				GCC_PREPROCESSOR_DEFINITIONS = (
					"DEBUG=1",
					"$(inherited)",
				);
				GCC_WARN_64_TO_32_BIT_CONVERSION = YES;
				GCC_WARN_ABOUT_RETURN_TYPE = YES_ERROR;
				GCC_WARN_UNDECLARED_SELECTOR = YES;
				GCC_WARN_UNINITIALIZED_AUTOS = YES_AGGRESSIVE;
				GCC_WARN_UNUSED_FUNCTION = YES;
				GCC_WARN_UNUSED_VARIABLE = YES;
				IPHONEOS_DEPLOYMENT_TARGET = 11.4;
				MTL_ENABLE_DEBUG_INFO = YES;
				ONLY_ACTIVE_ARCH = YES;
				SDKROOT = iphoneos;
			};
			name = Debug;
		};
		A955F1B120D1658900FFBB04 /* Release */ = {
			isa = XCBuildConfiguration;
			buildSettings = {
				ALWAYS_SEARCH_USER_PATHS = NO;
				CLANG_ANALYZER_NONNULL = YES;
				CLANG_ANALYZER_NUMBER_OBJECT_CONVERSION = YES_AGGRESSIVE;
				CLANG_CXX_LANGUAGE_STANDARD = "gnu++14";
				CLANG_CXX_LIBRARY = "libc++";
				CLANG_ENABLE_MODULES = YES;
				CLANG_ENABLE_OBJC_ARC = YES;
				CLANG_ENABLE_OBJC_WEAK = YES;
				CLANG_WARN_BLOCK_CAPTURE_AUTORELEASING = YES;
				CLANG_WARN_BOOL_CONVERSION = YES;
				CLANG_WARN_COMMA = YES;
				CLANG_WARN_CONSTANT_CONVERSION = YES;
				CLANG_WARN_DEPRECATED_OBJC_IMPLEMENTATIONS = YES;
				CLANG_WARN_DIRECT_OBJC_ISA_USAGE = YES_ERROR;
				CLANG_WARN_DOCUMENTATION_COMMENTS = YES;
				CLANG_WARN_EMPTY_BODY = YES;
				CLANG_WARN_ENUM_CONVERSION = YES;
				CLANG_WARN_INFINITE_RECURSION = YES;
				CLANG_WARN_INT_CONVERSION = YES;
				CLANG_WARN_NON_LITERAL_NULL_CONVERSION = YES;
				CLANG_WARN_OBJC_IMPLICIT_RETAIN_SELF = YES;
				CLANG_WARN_OBJC_LITERAL_CONVERSION = YES;
				CLANG_WARN_OBJC_ROOT_CLASS = YES_ERROR;
				CLANG_WARN_RANGE_LOOP_ANALYSIS = YES;
				CLANG_WARN_STRICT_PROTOTYPES = YES;
				CLANG_WARN_SUSPICIOUS_MOVE = YES;
				CLANG_WARN_UNGUARDED_AVAILABILITY = YES_AGGRESSIVE;
				CLANG_WARN_UNREACHABLE_CODE = YES;
				CLANG_WARN__DUPLICATE_METHOD_MATCH = YES;
				CODE_SIGN_IDENTITY = "iPhone Developer";
				COPY_PHASE_STRIP = NO;
				DEBUG_INFORMATION_FORMAT = "dwarf-with-dsym";
				ENABLE_NS_ASSERTIONS = NO;
				ENABLE_STRICT_OBJC_MSGSEND = YES;
				GCC_C_LANGUAGE_STANDARD = gnu11;
				GCC_NO_COMMON_BLOCKS = YES;
				GCC_WARN_64_TO_32_BIT_CONVERSION = YES;
				GCC_WARN_ABOUT_RETURN_TYPE = YES_ERROR;
				GCC_WARN_UNDECLARED_SELECTOR = YES;
				GCC_WARN_UNINITIALIZED_AUTOS = YES_AGGRESSIVE;
				GCC_WARN_UNUSED_FUNCTION = YES;
				GCC_WARN_UNUSED_VARIABLE = YES;
				IPHONEOS_DEPLOYMENT_TARGET = 11.4;
				MTL_ENABLE_DEBUG_INFO = NO;
				SDKROOT = iphoneos;
				VALIDATE_PRODUCT = YES;
			};
			name = Release;
		};
		A955F1B320D1658900FFBB04 /* Debug */ = {
			isa = XCBuildConfiguration;
			baseConfigurationReference = EB4DC84968B98761D2DE408F /* Pods-KKListKit.debug.xcconfig */;
			buildSettings = {
				ASSETCATALOG_COMPILER_APPICON_NAME = AppIcon;
				CODE_SIGN_STYLE = Automatic;
				DEVELOPMENT_TEAM = U4Y38F724R;
				GCC_PREFIX_HEADER = /Users/lv/Documents/GitHub/KKListKit/KKListKit/KKPrefixHeader.pch;
				INFOPLIST_FILE = KKListKit/Info.plist;
				IPHONEOS_DEPLOYMENT_TARGET = 8.0;
				LD_RUNPATH_SEARCH_PATHS = "$(inherited) @executable_path/Frameworks";
				PRODUCT_BUNDLE_IDENTIFIER = com.KK.KKListKit;
				PRODUCT_NAME = "$(TARGET_NAME)";
				TARGETED_DEVICE_FAMILY = "1,2";
			};
			name = Debug;
		};
		A955F1B420D1658900FFBB04 /* Release */ = {
			isa = XCBuildConfiguration;
			baseConfigurationReference = DE84B9B1FE53841A9DF14566 /* Pods-KKListKit.release.xcconfig */;
			buildSettings = {
				ASSETCATALOG_COMPILER_APPICON_NAME = AppIcon;
				CODE_SIGN_STYLE = Automatic;
				DEVELOPMENT_TEAM = U4Y38F724R;
				GCC_PREFIX_HEADER = /Users/lv/Documents/GitHub/KKListKit/KKListKit/KKPrefixHeader.pch;
				INFOPLIST_FILE = KKListKit/Info.plist;
				IPHONEOS_DEPLOYMENT_TARGET = 8.0;
				LD_RUNPATH_SEARCH_PATHS = "$(inherited) @executable_path/Frameworks";
				PRODUCT_BUNDLE_IDENTIFIER = com.KK.KKListKit;
				PRODUCT_NAME = "$(TARGET_NAME)";
				TARGETED_DEVICE_FAMILY = "1,2";
			};
			name = Release;
		};
/* End XCBuildConfiguration section */

/* Begin XCConfigurationList section */
		A955F19720D1658800FFBB04 /* Build configuration list for PBXProject "KKListKit" */ = {
			isa = XCConfigurationList;
			buildConfigurations = (
				A955F1B020D1658900FFBB04 /* Debug */,
				A955F1B120D1658900FFBB04 /* Release */,
			);
			defaultConfigurationIsVisible = 0;
			defaultConfigurationName = Release;
		};
		A955F1B220D1658900FFBB04 /* Build configuration list for PBXNativeTarget "KKListKit" */ = {
			isa = XCConfigurationList;
			buildConfigurations = (
				A955F1B320D1658900FFBB04 /* Debug */,
				A955F1B420D1658900FFBB04 /* Release */,
			);
			defaultConfigurationIsVisible = 0;
			defaultConfigurationName = Release;
		};
/* End XCConfigurationList section */
	};
	rootObject = A955F19420D1658800FFBB04 /* Project object */;
}
